
Microsoft Visual Studio Solution File, Format Version 12.00
# Visual Studio 14
VisualStudioVersion = 14.0.24720.0
MinimumVisualStudioVersion = 10.0.40219.1
Project("{FAE04EC0-301F-11D3-BF4B-00C04F79EFBC}") = "msi-get", "msi-get\msi-get.csproj", "{8FA0F3F6-951B-4ED9-9CB9-D70CCB538739}"
EndProject
Global
	GlobalSection(SolutionConfigurationPlatforms) = preSolution
		Debug|Any CPU = Debug|Any CPU
		Release|Any CPU = Release|Any CPU
	EndGlobalSection
	GlobalSection(ProjectConfigurationPlatforms) = postSolution
		{8FA0F3F6-951B-4ED9-9CB9-D70CCB538739}.Debug|Any CPU.ActiveCfg = Debug|Any CPU
		{8FA0F3F6-951B-4ED9-9CB9-D70CCB538739}.Debug|Any CPU.Build.0 = Debug|Any CPU
		{8FA0F3F6-951B-4ED9-9CB9-D70CCB538739}.Release|Any CPU.ActiveCfg = Release|Any CPU
		{8FA0F3F6-951B-4ED9-9CB9-D70CCB538739}.Release|Any CPU.Build.0 = Release|Any CPU
	EndGlobalSection
	GlobalSection(SolutionProperties) = preSolution
		HideSolutionNode = FALSE
	EndGlobalSection
EndGlobal
